
Microsoft Visual Studio Solution File, Format Version 12.00
# Visual Studio 15
VisualStudioVersion = 15.0.27130.2010
MinimumVisualStudioVersion = 10.0.40219.1
Project("{FAE04EC0-301F-11D3-BF4B-00C04F79EFBC}") = "dp3.winform", "dp3.winform\dp3.winform.csproj", "{195D88F4-9E04-4886-BBFE-5F96D626D5BE}"
EndProject
Project("{FAE04EC0-301F-11D3-BF4B-00C04F79EFBC}") = "dp3.standard", "dp3.standard\dp3.standard.csproj", "{5794AF4E-E012-43B9-819D-D8F69099556A}"
EndProject
Global
	GlobalSection(SolutionConfigurationPlatforms) = preSolution
		Debug|Any CPU = Debug|Any CPU
		Release|Any CPU = Release|Any CPU
	EndGlobalSection
	GlobalSection(ProjectConfigurationPlatforms) = postSolution
		{195D88F4-9E04-4886-BBFE-5F96D626D5BE}.Debug|Any CPU.ActiveCfg = Debug|Any CPU
		{195D88F4-9E04-4886-BBFE-5F96D626D5BE}.Debug|Any CPU.Build.0 = Debug|Any CPU
		{195D88F4-9E04-4886-BBFE-5F96D626D5BE}.Release|Any CPU.ActiveCfg = Release|Any CPU
		{195D88F4-9E04-4886-BBFE-5F96D626D5BE}.Release|Any CPU.Build.0 = Release|Any CPU
		{5794AF4E-E012-43B9-819D-D8F69099556A}.Debug|Any CPU.ActiveCfg = Debug|Any CPU
		{5794AF4E-E012-43B9-819D-D8F69099556A}.Debug|Any CPU.Build.0 = Debug|Any CPU
		{5794AF4E-E012-43B9-819D-D8F69099556A}.Release|Any CPU.ActiveCfg = Release|Any CPU
		{5794AF4E-E012-43B9-819D-D8F69099556A}.Release|Any CPU.Build.0 = Release|Any CPU
	EndGlobalSection
	GlobalSection(SolutionProperties) = preSolution
		HideSolutionNode = FALSE
	EndGlobalSection
	GlobalSection(ExtensibilityGlobals) = postSolution
		SolutionGuid = {281E249B-6427-4F92-877A-E13AF351FAE3}
	EndGlobalSection
EndGlobal
