
Microsoft Visual Studio Solution File, Format Version 12.00
# Visual Studio 15
VisualStudioVersion = 15.0.27130.2010
MinimumVisualStudioVersion = 10.0.40219.1
Project("{9A19103F-16F7-4668-BE54-9A1E7A4F7556}") = "testCore", "testCore\testCore.csproj", "{B4E868EF-27A5-4684-958C-C0675CDFAB46}"
EndProject
Project("{FAE04EC0-301F-11D3-BF4B-00C04F79EFBC}") = "dp3.kernel", "dp3.kernel\dp3.kernel.csproj", "{9B2F244B-D584-460D-9273-FE15F31019ED}"
EndProject
Project("{FAE04EC0-301F-11D3-BF4B-00C04F79EFBC}") = "dp3.webapi", "dp3.webapi\dp3.webapi.csproj", "{D6E894CF-821E-4F41-9168-B4FF0281F13B}"
EndProject
Project("{FAE04EC0-301F-11D3-BF4B-00C04F79EFBC}") = "dp3.web", "dp3.web\dp3.web.csproj", "{AF24148D-C8BA-41CD-9308-3EE31AB75D7C}"
EndProject
Global
	GlobalSection(SolutionConfigurationPlatforms) = preSolution
		Debug|Any CPU = Debug|Any CPU
		Release|Any CPU = Release|Any CPU
	EndGlobalSection
	GlobalSection(ProjectConfigurationPlatforms) = postSolution
		{B4E868EF-27A5-4684-958C-C0675CDFAB46}.Debug|Any CPU.ActiveCfg = Debug|Any CPU
		{B4E868EF-27A5-4684-958C-C0675CDFAB46}.Debug|Any CPU.Build.0 = Debug|Any CPU
		{B4E868EF-27A5-4684-958C-C0675CDFAB46}.Release|Any CPU.ActiveCfg = Release|Any CPU
		{B4E868EF-27A5-4684-958C-C0675CDFAB46}.Release|Any CPU.Build.0 = Release|Any CPU
		{9B2F244B-D584-460D-9273-FE15F31019ED}.Debug|Any CPU.ActiveCfg = Debug|Any CPU
		{9B2F244B-D584-460D-9273-FE15F31019ED}.Debug|Any CPU.Build.0 = Debug|Any CPU
		{9B2F244B-D584-460D-9273-FE15F31019ED}.Release|Any CPU.ActiveCfg = Release|Any CPU
		{9B2F244B-D584-460D-9273-FE15F31019ED}.Release|Any CPU.Build.0 = Release|Any CPU
		{D6E894CF-821E-4F41-9168-B4FF0281F13B}.Debug|Any CPU.ActiveCfg = Debug|Any CPU
		{D6E894CF-821E-4F41-9168-B4FF0281F13B}.Debug|Any CPU.Build.0 = Debug|Any CPU
		{D6E894CF-821E-4F41-9168-B4FF0281F13B}.Release|Any CPU.ActiveCfg = Release|Any CPU
		{D6E894CF-821E-4F41-9168-B4FF0281F13B}.Release|Any CPU.Build.0 = Release|Any CPU
		{AF24148D-C8BA-41CD-9308-3EE31AB75D7C}.Debug|Any CPU.ActiveCfg = Debug|Any CPU
		{AF24148D-C8BA-41CD-9308-3EE31AB75D7C}.Debug|Any CPU.Build.0 = Debug|Any CPU
		{AF24148D-C8BA-41CD-9308-3EE31AB75D7C}.Release|Any CPU.ActiveCfg = Release|Any CPU
		{AF24148D-C8BA-41CD-9308-3EE31AB75D7C}.Release|Any CPU.Build.0 = Release|Any CPU
	EndGlobalSection
	GlobalSection(SolutionProperties) = preSolution
		HideSolutionNode = FALSE
	EndGlobalSection
	GlobalSection(ExtensibilityGlobals) = postSolution
		SolutionGuid = {281E249B-6427-4F92-877A-E13AF351FAE3}
	EndGlobalSection
EndGlobal
