
Microsoft Visual Studio Solution File, Format Version 12.00
# Visual Studio 15
VisualStudioVersion = 15.0.27130.2010
MinimumVisualStudioVersion = 10.0.40219.1
Project("{9A19103F-16F7-4668-BE54-9A1E7A4F7556}") = "testCore", "testCore\testCore.csproj", "{B4E868EF-27A5-4684-958C-C0675CDFAB46}"
EndProject
Global
	GlobalSection(SolutionConfigurationPlatforms) = preSolution
		Debug|Any CPU = Debug|Any CPU
		Release|Any CPU = Release|Any CPU
	EndGlobalSection
	GlobalSection(ProjectConfigurationPlatforms) = postSolution
		{B4E868EF-27A5-4684-958C-C0675CDFAB46}.Debug|Any CPU.ActiveCfg = Debug|Any CPU
		{B4E868EF-27A5-4684-958C-C0675CDFAB46}.Debug|Any CPU.Build.0 = Debug|Any CPU
		{B4E868EF-27A5-4684-958C-C0675CDFAB46}.Release|Any CPU.ActiveCfg = Release|Any CPU
		{B4E868EF-27A5-4684-958C-C0675CDFAB46}.Release|Any CPU.Build.0 = Release|Any CPU
	EndGlobalSection
	GlobalSection(SolutionProperties) = preSolution
		HideSolutionNode = FALSE
	EndGlobalSection
	GlobalSection(ExtensibilityGlobals) = postSolution
		SolutionGuid = {281E249B-6427-4F92-877A-E13AF351FAE3}
	EndGlobalSection
EndGlobal
